
Microsoft Visual Studio Solution File, Format Version 12.00
# Visual Studio Version 17
VisualStudioVersion = 17.6.33829.357
MinimumVisualStudioVersion = 10.0.40219.1
Project("{9A19103F-16F7-4668-BE54-9A1E7A4F7556}") = "LibraryProject", "LibraryProject\LibraryProject.csproj", "{92DDAF5C-9812-4186-AD24-DF31417E702A}"
EndProject
Project("{E53339B2-1760-4266-BCC7-CA923CBCF16C}") = "docker-compose", "docker-compose.dcproj", "{F1AC7653-DE23-4928-84B3-55CD6DE99A4B}"
EndProject
Project("{FAE04EC0-301F-11D3-BF4B-00C04F79EFBC}") = "LibraryProject.UnitTests", "LibraryProject.UnitTests\LibraryProject.UnitTests.csproj", "{6649911D-0428-426B-AC55-1ACFF5712892}"
EndProject
Global
	GlobalSection(SolutionConfigurationPlatforms) = preSolution
		Debug|Any CPU = Debug|Any CPU
		Release|Any CPU = Release|Any CPU
	EndGlobalSection
	GlobalSection(ProjectConfigurationPlatforms) = postSolution
		{92DDAF5C-9812-4186-AD24-DF31417E702A}.Debug|Any CPU.ActiveCfg = Debug|Any CPU
		{92DDAF5C-9812-4186-AD24-DF31417E702A}.Debug|Any CPU.Build.0 = Debug|Any CPU
		{92DDAF5C-9812-4186-AD24-DF31417E702A}.Release|Any CPU.ActiveCfg = Release|Any CPU
		{92DDAF5C-9812-4186-AD24-DF31417E702A}.Release|Any CPU.Build.0 = Release|Any CPU
		{F1AC7653-DE23-4928-84B3-55CD6DE99A4B}.Debug|Any CPU.ActiveCfg = Debug|Any CPU
		{F1AC7653-DE23-4928-84B3-55CD6DE99A4B}.Debug|Any CPU.Build.0 = Debug|Any CPU
		{F1AC7653-DE23-4928-84B3-55CD6DE99A4B}.Release|Any CPU.ActiveCfg = Release|Any CPU
		{F1AC7653-DE23-4928-84B3-55CD6DE99A4B}.Release|Any CPU.Build.0 = Release|Any CPU
		{6649911D-0428-426B-AC55-1ACFF5712892}.Debug|Any CPU.ActiveCfg = Debug|Any CPU
		{6649911D-0428-426B-AC55-1ACFF5712892}.Debug|Any CPU.Build.0 = Debug|Any CPU
		{6649911D-0428-426B-AC55-1ACFF5712892}.Release|Any CPU.ActiveCfg = Release|Any CPU
		{6649911D-0428-426B-AC55-1ACFF5712892}.Release|Any CPU.Build.0 = Release|Any CPU
	EndGlobalSection
	GlobalSection(SolutionProperties) = preSolution
		HideSolutionNode = FALSE
	EndGlobalSection
	GlobalSection(ExtensibilityGlobals) = postSolution
		SolutionGuid = {29F75332-2311-4357-9502-850AF1F080F2}
	EndGlobalSection
EndGlobal
